
Microsoft Visual Studio Solution File, Format Version 12.00
# Visual Studio Version 17
VisualStudioVersion = 17.8.34408.163
MinimumVisualStudioVersion = 10.0.40219.1
Project("{FAE04EC0-301F-11D3-BF4B-00C04F79EFBC}") = "FiniteStateMachine", "FiniteStateMachine\FiniteStateMachine.csproj", "{B974346B-410A-482B-9D59-3CFEC653CAB3}"
EndProject
Global
	GlobalSection(SolutionConfigurationPlatforms) = preSolution
		Debug|Any CPU = Debug|Any CPU
		Release|Any CPU = Release|Any CPU
	EndGlobalSection
	GlobalSection(ProjectConfigurationPlatforms) = postSolution
		{B974346B-410A-482B-9D59-3CFEC653CAB3}.Debug|Any CPU.ActiveCfg = Debug|Any CPU
		{B974346B-410A-482B-9D59-3CFEC653CAB3}.Debug|Any CPU.Build.0 = Debug|Any CPU
		{B974346B-410A-482B-9D59-3CFEC653CAB3}.Release|Any CPU.ActiveCfg = Release|Any CPU
		{B974346B-410A-482B-9D59-3CFEC653CAB3}.Release|Any CPU.Build.0 = Release|Any CPU
	EndGlobalSection
	GlobalSection(SolutionProperties) = preSolution
		HideSolutionNode = FALSE
	EndGlobalSection
	GlobalSection(ExtensibilityGlobals) = postSolution
		SolutionGuid = {D3582152-7B34-4C08-A32B-CCCAF464D505}
	EndGlobalSection
EndGlobal
